{
    "name": "fixture",
    "version": "0.0.1",
    "lockfileVersion": 1,
    "requires": true,
    "dependencies": {
      "fake1": {
        "version": "1.0.1",
        "from": "foo",
        "resolved": "foo",
        "dependencies": {
          "fake2": {
            "version": "1.0.1",
            "from": "foo",
            "resolved": "foo",
            "requires": {
                "fake3": "1.0.1"
            }
          }
        }
      },
      "fake3": {
        "version": "1.0.2",
        "from": "foo",
        "resolved": "foo"
      }
    }
}